
Microsoft Visual Studio Solution File, Format Version 12.00
# Visual Studio Version 16
VisualStudioVersion = 16.0.32413.511
MinimumVisualStudioVersion = 10.0.40219.1
Project("{FAE04EC0-301F-11D3-BF4B-00C04F79EFBC}") = "planventas", "planventas\planventas.csproj", "{DF056317-9B75-40FF-B88C-E832B9DB0319}"
EndProject
Global
	GlobalSection(SolutionConfigurationPlatforms) = preSolution
		Debug|Any CPU = Debug|Any CPU
		Release|Any CPU = Release|Any CPU
	EndGlobalSection
	GlobalSection(ProjectConfigurationPlatforms) = postSolution
		{DF056317-9B75-40FF-B88C-E832B9DB0319}.Debug|Any CPU.ActiveCfg = Debug|Any CPU
		{DF056317-9B75-40FF-B88C-E832B9DB0319}.Debug|Any CPU.Build.0 = Debug|Any CPU
		{DF056317-9B75-40FF-B88C-E832B9DB0319}.Release|Any CPU.ActiveCfg = Release|Any CPU
		{DF056317-9B75-40FF-B88C-E832B9DB0319}.Release|Any CPU.Build.0 = Release|Any CPU
	EndGlobalSection
	GlobalSection(SolutionProperties) = preSolution
		HideSolutionNode = FALSE
	EndGlobalSection
	GlobalSection(ExtensibilityGlobals) = postSolution
		SolutionGuid = {314EC373-7788-4F91-8FD8-A7D6CD6D8FB0}
	EndGlobalSection
EndGlobal
